
Microsoft Visual Studio Solution File, Format Version 12.00
# Visual Studio Version 16
VisualStudioVersion = 16.0.31205.134
MinimumVisualStudioVersion = 10.0.40219.1
Project("{FAE04EC0-301F-11D3-BF4B-00C04F79EFBC}") = "CloudDown", "CloudDown\CloudDown.csproj", "{0A7CF148-4E81-4238-A578-B3DA1B3F4D30}"
EndProject
Global
	GlobalSection(SolutionConfigurationPlatforms) = preSolution
		Debug|Any CPU = Debug|Any CPU
		Release|Any CPU = Release|Any CPU
	EndGlobalSection
	GlobalSection(ProjectConfigurationPlatforms) = postSolution
		{0A7CF148-4E81-4238-A578-B3DA1B3F4D30}.Debug|Any CPU.ActiveCfg = Debug|Any CPU
		{0A7CF148-4E81-4238-A578-B3DA1B3F4D30}.Debug|Any CPU.Build.0 = Debug|Any CPU
		{0A7CF148-4E81-4238-A578-B3DA1B3F4D30}.Release|Any CPU.ActiveCfg = Release|Any CPU
		{0A7CF148-4E81-4238-A578-B3DA1B3F4D30}.Release|Any CPU.Build.0 = Release|Any CPU
	EndGlobalSection
	GlobalSection(SolutionProperties) = preSolution
		HideSolutionNode = FALSE
	EndGlobalSection
	GlobalSection(ExtensibilityGlobals) = postSolution
		SolutionGuid = {713E0559-80C2-4BFB-8F44-70473D4F4BFE}
	EndGlobalSection
EndGlobal
